
Microsoft Visual Studio Solution File, Format Version 12.00
# Visual Studio Version 17
VisualStudioVersion = 17.3.32929.385
MinimumVisualStudioVersion = 10.0.40219.1
Project("{FAE04EC0-301F-11D3-BF4B-00C04F79EFBC}") = "Poo-byteBank", "Poo-byteBank\Poo-byteBank.csproj", "{B25E0EA2-71CA-47B9-851D-106C977D9199}"
EndProject
Global
	GlobalSection(SolutionConfigurationPlatforms) = preSolution
		Debug|Any CPU = Debug|Any CPU
		Release|Any CPU = Release|Any CPU
	EndGlobalSection
	GlobalSection(ProjectConfigurationPlatforms) = postSolution
		{B25E0EA2-71CA-47B9-851D-106C977D9199}.Debug|Any CPU.ActiveCfg = Debug|Any CPU
		{B25E0EA2-71CA-47B9-851D-106C977D9199}.Debug|Any CPU.Build.0 = Debug|Any CPU
		{B25E0EA2-71CA-47B9-851D-106C977D9199}.Release|Any CPU.ActiveCfg = Release|Any CPU
		{B25E0EA2-71CA-47B9-851D-106C977D9199}.Release|Any CPU.Build.0 = Release|Any CPU
	EndGlobalSection
	GlobalSection(SolutionProperties) = preSolution
		HideSolutionNode = FALSE
	EndGlobalSection
	GlobalSection(ExtensibilityGlobals) = postSolution
		SolutionGuid = {F9D2AFF0-B451-4919-9E97-23F9B5A89CB2}
	EndGlobalSection
EndGlobal
